
Microsoft Visual Studio Solution File, Format Version 12.00
# Visual Studio Version 17
VisualStudioVersion = 17.1.32328.378
MinimumVisualStudioVersion = 10.0.40219.1
Project("{2150E333-8FDC-42A3-9474-1A3956D46DE8}") = "src", "src", "{CBF27136-5472-4217-AA88-C258F865E2D2}"
EndProject
Project("{9A19103F-16F7-4668-BE54-9A1E7A4F7556}") = "BlazorUI", "src\BlazorUI\BlazorUI.csproj", "{DCBB36BA-EA2E-4976-938A-A9F0D8E199FE}"
EndProject
Project("{2150E333-8FDC-42A3-9474-1A3956D46DE8}") = "Services", "Services", "{A0231F95-7D49-495C-864D-9B49EDEA5BE2}"
EndProject
Project("{E53339B2-1760-4266-BCC7-CA923CBCF16C}") = "docker-compose", "docker-compose.dcproj", "{250B824E-6A72-4D6E-8287-CC73F40410E9}"
EndProject
Project("{2150E333-8FDC-42A3-9474-1A3956D46DE8}") = "dapr", "dapr", "{E7190BF0-191B-4DAB-B3E7-A2804C0A4975}"
EndProject
Project("{9A19103F-16F7-4668-BE54-9A1E7A4F7556}") = "Game.API", "src\Services\Game.API\Game.API.csproj", "{468E24B1-451E-4E75-A7A9-D6BB44000248}"
EndProject
Project("{9A19103F-16F7-4668-BE54-9A1E7A4F7556}") = "dapr-layer", "src\dapr\dapr-layer\dapr-layer.csproj", "{1EE8518A-C4CA-4B21-AD12-726D93592E9E}"
EndProject
Project("{9A19103F-16F7-4668-BE54-9A1E7A4F7556}") = "User.API", "src\Services\User.API\User.API.csproj", "{7B4AB8BD-A0D9-40C4-97F3-A3882EA9295E}"
EndProject
Project("{2150E333-8FDC-42A3-9474-1A3956D46DE8}") = "Envoy", "Envoy", "{0686AD34-1033-418A-8161-17015E5D424C}"
	ProjectSection(SolutionItems) = preProject
		src\Envoy\envoy.yaml = src\Envoy\envoy.yaml
	EndProjectSection
EndProject
Global
	GlobalSection(SolutionConfigurationPlatforms) = preSolution
		Debug|Any CPU = Debug|Any CPU
		Release|Any CPU = Release|Any CPU
	EndGlobalSection
	GlobalSection(ProjectConfigurationPlatforms) = postSolution
		{DCBB36BA-EA2E-4976-938A-A9F0D8E199FE}.Debug|Any CPU.ActiveCfg = Debug|Any CPU
		{DCBB36BA-EA2E-4976-938A-A9F0D8E199FE}.Debug|Any CPU.Build.0 = Debug|Any CPU
		{DCBB36BA-EA2E-4976-938A-A9F0D8E199FE}.Release|Any CPU.ActiveCfg = Release|Any CPU
		{DCBB36BA-EA2E-4976-938A-A9F0D8E199FE}.Release|Any CPU.Build.0 = Release|Any CPU
		{250B824E-6A72-4D6E-8287-CC73F40410E9}.Debug|Any CPU.ActiveCfg = Debug|Any CPU
		{250B824E-6A72-4D6E-8287-CC73F40410E9}.Debug|Any CPU.Build.0 = Debug|Any CPU
		{250B824E-6A72-4D6E-8287-CC73F40410E9}.Release|Any CPU.ActiveCfg = Release|Any CPU
		{250B824E-6A72-4D6E-8287-CC73F40410E9}.Release|Any CPU.Build.0 = Release|Any CPU
		{468E24B1-451E-4E75-A7A9-D6BB44000248}.Debug|Any CPU.ActiveCfg = Debug|Any CPU
		{468E24B1-451E-4E75-A7A9-D6BB44000248}.Debug|Any CPU.Build.0 = Debug|Any CPU
		{468E24B1-451E-4E75-A7A9-D6BB44000248}.Release|Any CPU.ActiveCfg = Release|Any CPU
		{468E24B1-451E-4E75-A7A9-D6BB44000248}.Release|Any CPU.Build.0 = Release|Any CPU
		{1EE8518A-C4CA-4B21-AD12-726D93592E9E}.Debug|Any CPU.ActiveCfg = Debug|Any CPU
		{1EE8518A-C4CA-4B21-AD12-726D93592E9E}.Debug|Any CPU.Build.0 = Debug|Any CPU
		{1EE8518A-C4CA-4B21-AD12-726D93592E9E}.Release|Any CPU.ActiveCfg = Release|Any CPU
		{1EE8518A-C4CA-4B21-AD12-726D93592E9E}.Release|Any CPU.Build.0 = Release|Any CPU
		{7B4AB8BD-A0D9-40C4-97F3-A3882EA9295E}.Debug|Any CPU.ActiveCfg = Debug|Any CPU
		{7B4AB8BD-A0D9-40C4-97F3-A3882EA9295E}.Debug|Any CPU.Build.0 = Debug|Any CPU
		{7B4AB8BD-A0D9-40C4-97F3-A3882EA9295E}.Release|Any CPU.ActiveCfg = Release|Any CPU
		{7B4AB8BD-A0D9-40C4-97F3-A3882EA9295E}.Release|Any CPU.Build.0 = Release|Any CPU
	EndGlobalSection
	GlobalSection(SolutionProperties) = preSolution
		HideSolutionNode = FALSE
	EndGlobalSection
	GlobalSection(NestedProjects) = preSolution
		{DCBB36BA-EA2E-4976-938A-A9F0D8E199FE} = {CBF27136-5472-4217-AA88-C258F865E2D2}
		{A0231F95-7D49-495C-864D-9B49EDEA5BE2} = {CBF27136-5472-4217-AA88-C258F865E2D2}
		{E7190BF0-191B-4DAB-B3E7-A2804C0A4975} = {CBF27136-5472-4217-AA88-C258F865E2D2}
		{468E24B1-451E-4E75-A7A9-D6BB44000248} = {A0231F95-7D49-495C-864D-9B49EDEA5BE2}
		{1EE8518A-C4CA-4B21-AD12-726D93592E9E} = {E7190BF0-191B-4DAB-B3E7-A2804C0A4975}
		{7B4AB8BD-A0D9-40C4-97F3-A3882EA9295E} = {A0231F95-7D49-495C-864D-9B49EDEA5BE2}
		{0686AD34-1033-418A-8161-17015E5D424C} = {CBF27136-5472-4217-AA88-C258F865E2D2}
	EndGlobalSection
	GlobalSection(ExtensibilityGlobals) = postSolution
		SolutionGuid = {A099161E-827B-4F1D-A93F-DFC3B305093B}
	EndGlobalSection
EndGlobal
